
Microsoft Visual Studio Solution File, Format Version 12.00
# Visual Studio Version 17
VisualStudioVersion = 17.0.31903.59
MinimumVisualStudioVersion = 10.0.40219.1
Project("{FAE04EC0-301F-11D3-BF4B-00C04F79EFBC}") = "HardwareScraper.Core", "HardwareScraper.Core\HardwareScraper.Core.csproj", "{CFF7FFC5-3BEF-7936-955D-0C96C5CA624D}"
EndProject
Project("{FAE04EC0-301F-11D3-BF4B-00C04F79EFBC}") = "HardwareScraper.Infrastructure", "HardwareScraper.Infrastructure\HardwareScraper.Infrastructure.csproj", "{DD6189E6-56E9-5B2F-74C2-95B9FFADB67E}"
EndProject
Project("{FAE04EC0-301F-11D3-BF4B-00C04F79EFBC}") = "HardwareScraper.Console", "HardwareScraper.Console\HardwareScraper.Console.csproj", "{1FBECC88-70AA-249D-1EFA-3821A834D408}"
EndProject
Global
	GlobalSection(SolutionConfigurationPlatforms) = preSolution
		Debug|Any CPU = Debug|Any CPU
		Release|Any CPU = Release|Any CPU
	EndGlobalSection
	GlobalSection(ProjectConfigurationPlatforms) = postSolution
		{CFF7FFC5-3BEF-7936-955D-0C96C5CA624D}.Debug|Any CPU.ActiveCfg = Debug|Any CPU
		{CFF7FFC5-3BEF-7936-955D-0C96C5CA624D}.Debug|Any CPU.Build.0 = Debug|Any CPU
		{CFF7FFC5-3BEF-7936-955D-0C96C5CA624D}.Release|Any CPU.ActiveCfg = Release|Any CPU
		{CFF7FFC5-3BEF-7936-955D-0C96C5CA624D}.Release|Any CPU.Build.0 = Release|Any CPU
		{DD6189E6-56E9-5B2F-74C2-95B9FFADB67E}.Debug|Any CPU.ActiveCfg = Debug|Any CPU
		{DD6189E6-56E9-5B2F-74C2-95B9FFADB67E}.Debug|Any CPU.Build.0 = Debug|Any CPU
		{DD6189E6-56E9-5B2F-74C2-95B9FFADB67E}.Release|Any CPU.ActiveCfg = Release|Any CPU
		{DD6189E6-56E9-5B2F-74C2-95B9FFADB67E}.Release|Any CPU.Build.0 = Release|Any CPU
		{1FBECC88-70AA-249D-1EFA-3821A834D408}.Debug|Any CPU.ActiveCfg = Debug|Any CPU
		{1FBECC88-70AA-249D-1EFA-3821A834D408}.Debug|Any CPU.Build.0 = Debug|Any CPU
		{1FBECC88-70AA-249D-1EFA-3821A834D408}.Release|Any CPU.ActiveCfg = Release|Any CPU
		{1FBECC88-70AA-249D-1EFA-3821A834D408}.Release|Any CPU.Build.0 = Release|Any CPU
	EndGlobalSection
	GlobalSection(SolutionProperties) = preSolution
		HideSolutionNode = FALSE
	EndGlobalSection
EndGlobal
